
Microsoft Visual Studio Solution File, Format Version 12.00
# Visual Studio Version 17
VisualStudioVersion = 17.3.32901.215
MinimumVisualStudioVersion = 10.0.40219.1
Project("{9A19103F-16F7-4668-BE54-9A1E7A4F7556}") = "Library", "Library\Library.csproj", "{67676A8E-BE17-43E1-8124-7F32F90B82DB}"
EndProject
Project("{FAE04EC0-301F-11D3-BF4B-00C04F79EFBC}") = "DataLayer", "DataLayer\DataLayer.csproj", "{1551B946-5C0D-4752-BC76-CC946373F614}"
EndProject
Global
	GlobalSection(SolutionConfigurationPlatforms) = preSolution
		Debug|Any CPU = Debug|Any CPU
		Release|Any CPU = Release|Any CPU
	EndGlobalSection
	GlobalSection(ProjectConfigurationPlatforms) = postSolution
		{67676A8E-BE17-43E1-8124-7F32F90B82DB}.Debug|Any CPU.ActiveCfg = Debug|Any CPU
		{67676A8E-BE17-43E1-8124-7F32F90B82DB}.Debug|Any CPU.Build.0 = Debug|Any CPU
		{67676A8E-BE17-43E1-8124-7F32F90B82DB}.Release|Any CPU.ActiveCfg = Release|Any CPU
		{67676A8E-BE17-43E1-8124-7F32F90B82DB}.Release|Any CPU.Build.0 = Release|Any CPU
		{1551B946-5C0D-4752-BC76-CC946373F614}.Debug|Any CPU.ActiveCfg = Debug|Any CPU
		{1551B946-5C0D-4752-BC76-CC946373F614}.Debug|Any CPU.Build.0 = Debug|Any CPU
		{1551B946-5C0D-4752-BC76-CC946373F614}.Release|Any CPU.ActiveCfg = Release|Any CPU
		{1551B946-5C0D-4752-BC76-CC946373F614}.Release|Any CPU.Build.0 = Release|Any CPU
	EndGlobalSection
	GlobalSection(SolutionProperties) = preSolution
		HideSolutionNode = FALSE
	EndGlobalSection
	GlobalSection(ExtensibilityGlobals) = postSolution
		SolutionGuid = {3D202C98-4D67-4018-B717-8B384B61561E}
	EndGlobalSection
EndGlobal
